
Microsoft Visual Studio Solution File, Format Version 12.00
# Visual Studio Version 16
VisualStudioVersion = 16.0.31105.61
MinimumVisualStudioVersion = 10.0.40219.1
Project("{9A19103F-16F7-4668-BE54-9A1E7A4F7556}") = "ASPNETCoreMVC_Overview", "ASPNETCoreMVC_Overview\ASPNETCoreMVC_Overview.csproj", "{B6078E31-0B71-4785-8D6D-FAD5E4E13EB1}"
EndProject
Project("{2150E333-8FDC-42A3-9474-1A3956D46DE8}") = "Einstieg_Übersicht", "Einstieg_Übersicht", "{B44B403B-B361-4D72-821E-6E61D31C6FB8}"
	ProjectSection(SolutionItems) = preProject
		Inhalt.txt = Inhalt.txt
	EndProjectSection
EndProject
Project("{2150E333-8FDC-42A3-9474-1A3956D46DE8}") = "BeispielApp", "BeispielApp", "{5E2D7137-94D1-414D-9D9E-2152383CCF13}"
EndProject
Project("{9A19103F-16F7-4668-BE54-9A1E7A4F7556}") = "DIBadSample", "DIBadSample\DIBadSample.csproj", "{13222B94-C347-4898-86F2-3A1802A51588}"
EndProject
Project("{9A19103F-16F7-4668-BE54-9A1E7A4F7556}") = "DICarSample", "DICarSample\DICarSample.csproj", "{BA726305-824C-4010-822A-E49BCE0D2276}"
EndProject
Project("{9A19103F-16F7-4668-BE54-9A1E7A4F7556}") = "DICarSampleConsole", "DICarSampleConsole\DICarSampleConsole.csproj", "{D8C1FB6C-FF6D-4A38-85B7-78E1FC5EC14F}"
EndProject
Project("{2150E333-8FDC-42A3-9474-1A3956D46DE8}") = "DI Samples", "DI Samples", "{28215549-0CED-4CC9-89D5-690A0252D7EF}"
EndProject
Project("{2150E333-8FDC-42A3-9474-1A3956D46DE8}") = "Solution Items", "Solution Items", "{5E15A906-FD10-46F4-9A02-EE092CFE81CD}"
	ProjectSection(SolutionItems) = preProject
		Agenda_Do_FR_Mo.txt = Agenda_Do_FR_Mo.txt
		IdentityInit.txt = IdentityInit.txt
		Versionen_ASPNET.txt = Versionen_ASPNET.txt
	EndProjectSection
EndProject
Project("{9A19103F-16F7-4668-BE54-9A1E7A4F7556}") = "BookShop", "BookShop\BookShop.csproj", "{E0F7DEB9-F696-469C-8FDA-BA5E7FE3F3DB}"
EndProject
Project("{2150E333-8FDC-42A3-9474-1A3956D46DE8}") = "Themen_Samples", "Themen_Samples", "{CC9D26E8-841A-41F2-A90A-D639C4EFE64D}"
EndProject
Project("{9A19103F-16F7-4668-BE54-9A1E7A4F7556}") = "StateManagementSamples", "StateManagementSamples\StateManagementSamples.csproj", "{4728D3A5-930E-4F50-AF95-E85AE9BFFA1D}"
EndProject
Project("{2150E333-8FDC-42A3-9474-1A3956D46DE8}") = "WebAPI", "WebAPI", "{645FF30F-04B6-4B4D-B0B2-6720B6B1871C}"
EndProject
Project("{FAE04EC0-301F-11D3-BF4B-00C04F79EFBC}") = "WebAPI_Overview", "WebAPI_Overview\WebAPI_Overview.csproj", "{5C75AFD6-0F8A-4EC8-A9F5-BF230A727869}"
EndProject
Project("{2150E333-8FDC-42A3-9474-1A3956D46DE8}") = "WebAPI_BeispielAPP", "WebAPI_BeispielAPP", "{ACDDFFBC-6E17-416E-8336-4FBC90B2BA8E}"
EndProject
Project("{9A19103F-16F7-4668-BE54-9A1E7A4F7556}") = "GameStore.Shared", "GameStore.Shared\GameStore.Shared.csproj", "{36D75C2B-63B2-4EE8-A079-BF4852F13333}"
EndProject
Project("{9A19103F-16F7-4668-BE54-9A1E7A4F7556}") = "GameStore.API", "GameStore.API\GameStore.API.csproj", "{C15CC2D1-66E7-47C0-ACDB-6762AA8D2CC6}"
EndProject
Project("{9A19103F-16F7-4668-BE54-9A1E7A4F7556}") = "GameStore.UI", "GameStore.UI\GameStore.UI.csproj", "{E776BED2-D868-4E77-BF10-AAC4CFC54463}"
EndProject
Project("{FAE04EC0-301F-11D3-BF4B-00C04F79EFBC}") = "GameStore.MVC.UI", "GameStore.MVC.UI\GameStore.MVC.UI.csproj", "{32283DA5-775A-46D8-8E95-55A5F7FA83D1}"
EndProject
Global
	GlobalSection(SolutionConfigurationPlatforms) = preSolution
		Debug|Any CPU = Debug|Any CPU
		Release|Any CPU = Release|Any CPU
	EndGlobalSection
	GlobalSection(ProjectConfigurationPlatforms) = postSolution
		{B6078E31-0B71-4785-8D6D-FAD5E4E13EB1}.Debug|Any CPU.ActiveCfg = Debug|Any CPU
		{B6078E31-0B71-4785-8D6D-FAD5E4E13EB1}.Debug|Any CPU.Build.0 = Debug|Any CPU
		{B6078E31-0B71-4785-8D6D-FAD5E4E13EB1}.Release|Any CPU.ActiveCfg = Release|Any CPU
		{B6078E31-0B71-4785-8D6D-FAD5E4E13EB1}.Release|Any CPU.Build.0 = Release|Any CPU
		{13222B94-C347-4898-86F2-3A1802A51588}.Debug|Any CPU.ActiveCfg = Debug|Any CPU
		{13222B94-C347-4898-86F2-3A1802A51588}.Debug|Any CPU.Build.0 = Debug|Any CPU
		{13222B94-C347-4898-86F2-3A1802A51588}.Release|Any CPU.ActiveCfg = Release|Any CPU
		{13222B94-C347-4898-86F2-3A1802A51588}.Release|Any CPU.Build.0 = Release|Any CPU
		{BA726305-824C-4010-822A-E49BCE0D2276}.Debug|Any CPU.ActiveCfg = Debug|Any CPU
		{BA726305-824C-4010-822A-E49BCE0D2276}.Debug|Any CPU.Build.0 = Debug|Any CPU
		{BA726305-824C-4010-822A-E49BCE0D2276}.Release|Any CPU.ActiveCfg = Release|Any CPU
		{BA726305-824C-4010-822A-E49BCE0D2276}.Release|Any CPU.Build.0 = Release|Any CPU
		{D8C1FB6C-FF6D-4A38-85B7-78E1FC5EC14F}.Debug|Any CPU.ActiveCfg = Debug|Any CPU
		{D8C1FB6C-FF6D-4A38-85B7-78E1FC5EC14F}.Debug|Any CPU.Build.0 = Debug|Any CPU
		{D8C1FB6C-FF6D-4A38-85B7-78E1FC5EC14F}.Release|Any CPU.ActiveCfg = Release|Any CPU
		{D8C1FB6C-FF6D-4A38-85B7-78E1FC5EC14F}.Release|Any CPU.Build.0 = Release|Any CPU
		{E0F7DEB9-F696-469C-8FDA-BA5E7FE3F3DB}.Debug|Any CPU.ActiveCfg = Debug|Any CPU
		{E0F7DEB9-F696-469C-8FDA-BA5E7FE3F3DB}.Debug|Any CPU.Build.0 = Debug|Any CPU
		{E0F7DEB9-F696-469C-8FDA-BA5E7FE3F3DB}.Release|Any CPU.ActiveCfg = Release|Any CPU
		{E0F7DEB9-F696-469C-8FDA-BA5E7FE3F3DB}.Release|Any CPU.Build.0 = Release|Any CPU
		{4728D3A5-930E-4F50-AF95-E85AE9BFFA1D}.Debug|Any CPU.ActiveCfg = Debug|Any CPU
		{4728D3A5-930E-4F50-AF95-E85AE9BFFA1D}.Debug|Any CPU.Build.0 = Debug|Any CPU
		{4728D3A5-930E-4F50-AF95-E85AE9BFFA1D}.Release|Any CPU.ActiveCfg = Release|Any CPU
		{4728D3A5-930E-4F50-AF95-E85AE9BFFA1D}.Release|Any CPU.Build.0 = Release|Any CPU
		{5C75AFD6-0F8A-4EC8-A9F5-BF230A727869}.Debug|Any CPU.ActiveCfg = Debug|Any CPU
		{5C75AFD6-0F8A-4EC8-A9F5-BF230A727869}.Debug|Any CPU.Build.0 = Debug|Any CPU
		{5C75AFD6-0F8A-4EC8-A9F5-BF230A727869}.Release|Any CPU.ActiveCfg = Release|Any CPU
		{5C75AFD6-0F8A-4EC8-A9F5-BF230A727869}.Release|Any CPU.Build.0 = Release|Any CPU
		{36D75C2B-63B2-4EE8-A079-BF4852F13333}.Debug|Any CPU.ActiveCfg = Debug|Any CPU
		{36D75C2B-63B2-4EE8-A079-BF4852F13333}.Debug|Any CPU.Build.0 = Debug|Any CPU
		{36D75C2B-63B2-4EE8-A079-BF4852F13333}.Release|Any CPU.ActiveCfg = Release|Any CPU
		{36D75C2B-63B2-4EE8-A079-BF4852F13333}.Release|Any CPU.Build.0 = Release|Any CPU
		{C15CC2D1-66E7-47C0-ACDB-6762AA8D2CC6}.Debug|Any CPU.ActiveCfg = Debug|Any CPU
		{C15CC2D1-66E7-47C0-ACDB-6762AA8D2CC6}.Debug|Any CPU.Build.0 = Debug|Any CPU
		{C15CC2D1-66E7-47C0-ACDB-6762AA8D2CC6}.Release|Any CPU.ActiveCfg = Release|Any CPU
		{C15CC2D1-66E7-47C0-ACDB-6762AA8D2CC6}.Release|Any CPU.Build.0 = Release|Any CPU
		{E776BED2-D868-4E77-BF10-AAC4CFC54463}.Debug|Any CPU.ActiveCfg = Debug|Any CPU
		{E776BED2-D868-4E77-BF10-AAC4CFC54463}.Debug|Any CPU.Build.0 = Debug|Any CPU
		{E776BED2-D868-4E77-BF10-AAC4CFC54463}.Release|Any CPU.ActiveCfg = Release|Any CPU
		{E776BED2-D868-4E77-BF10-AAC4CFC54463}.Release|Any CPU.Build.0 = Release|Any CPU
		{32283DA5-775A-46D8-8E95-55A5F7FA83D1}.Debug|Any CPU.ActiveCfg = Debug|Any CPU
		{32283DA5-775A-46D8-8E95-55A5F7FA83D1}.Debug|Any CPU.Build.0 = Debug|Any CPU
		{32283DA5-775A-46D8-8E95-55A5F7FA83D1}.Release|Any CPU.ActiveCfg = Release|Any CPU
		{32283DA5-775A-46D8-8E95-55A5F7FA83D1}.Release|Any CPU.Build.0 = Release|Any CPU
	EndGlobalSection
	GlobalSection(SolutionProperties) = preSolution
		HideSolutionNode = FALSE
	EndGlobalSection
	GlobalSection(NestedProjects) = preSolution
		{B6078E31-0B71-4785-8D6D-FAD5E4E13EB1} = {B44B403B-B361-4D72-821E-6E61D31C6FB8}
		{13222B94-C347-4898-86F2-3A1802A51588} = {28215549-0CED-4CC9-89D5-690A0252D7EF}
		{BA726305-824C-4010-822A-E49BCE0D2276} = {28215549-0CED-4CC9-89D5-690A0252D7EF}
		{D8C1FB6C-FF6D-4A38-85B7-78E1FC5EC14F} = {28215549-0CED-4CC9-89D5-690A0252D7EF}
		{28215549-0CED-4CC9-89D5-690A0252D7EF} = {B44B403B-B361-4D72-821E-6E61D31C6FB8}
		{E0F7DEB9-F696-469C-8FDA-BA5E7FE3F3DB} = {5E2D7137-94D1-414D-9D9E-2152383CCF13}
		{4728D3A5-930E-4F50-AF95-E85AE9BFFA1D} = {CC9D26E8-841A-41F2-A90A-D639C4EFE64D}
		{5C75AFD6-0F8A-4EC8-A9F5-BF230A727869} = {645FF30F-04B6-4B4D-B0B2-6720B6B1871C}
		{36D75C2B-63B2-4EE8-A079-BF4852F13333} = {ACDDFFBC-6E17-416E-8336-4FBC90B2BA8E}
		{C15CC2D1-66E7-47C0-ACDB-6762AA8D2CC6} = {ACDDFFBC-6E17-416E-8336-4FBC90B2BA8E}
		{E776BED2-D868-4E77-BF10-AAC4CFC54463} = {ACDDFFBC-6E17-416E-8336-4FBC90B2BA8E}
		{32283DA5-775A-46D8-8E95-55A5F7FA83D1} = {ACDDFFBC-6E17-416E-8336-4FBC90B2BA8E}
	EndGlobalSection
	GlobalSection(ExtensibilityGlobals) = postSolution
		SolutionGuid = {5E2835D9-6477-4837-BC78-B9EB1D83027A}
	EndGlobalSection
EndGlobal
